# This file was autogenerated by Stack.
# You should not edit this file by hand.
# For more information, please see the documentation at:
#   https://docs.haskellstack.org/en/stable/lock_files

packages:
- completed:
    hackage: Yampa-0.13.3@sha256:44319b7cd2a54094b19c78515a8a8f174b96d674835ce7658dbf45a11448b327,6332
    pantry-tree:
      size: 4039
      sha256: 1311995e61b3cc9ccb8d685975ce6e7d485cc4bc782299dee8a834188f564a00
  original:
    hackage: Yampa-0.13.3@sha256:44319b7cd2a54094b19c78515a8a8f174b96d674835ce7658dbf45a11448b327,6332
- completed:
    hackage: yampa-gloss-0.2@sha256:0c4608397bc06fb364b845759a976b662a097ce4c304aca19ed508336f38fda9,1822
    pantry-tree:
      size: 344
      sha256: e664a0baeebd7b21d85fa72ca8e89edfe94a467b3ceac4b940f7bca2fe4b1adb
  original:
    hackage: yampa-gloss-0.2@sha256:0c4608397bc06fb364b845759a976b662a097ce4c304aca19ed508336f38fda9,1822
- completed:
    hackage: bearriver-0.13.3@sha256:b90e13bbdebafb9d72ddfc01da223c281aeb5d27f3e78926a4ecd423a7d41107,1794
    pantry-tree:
      size: 271
      sha256: eda0c0afd9d613a359a0c338d208dc451c868095a3b50b89e13ce77e604f89c6
  original:
    hackage: bearriver-0.13.3@sha256:b90e13bbdebafb9d72ddfc01da223c281aeb5d27f3e78926a4ecd423a7d41107,1794
- completed:
    hackage: monad-bayes-0.1.1.0@sha256:57d96f530a37a1c8efed0830c7f2bcf86da05d0d53324aebdd5b5aa165d72829,5132
    pantry-tree:
      size: 2419
      sha256: 39c3c264da0b75b717909693f5ecaf8342761e4da62d6c273ae4fdc5d2011afb
  original:
    hackage: monad-bayes-0.1.1.0@sha256:57d96f530a37a1c8efed0830c7f2bcf86da05d0d53324aebdd5b5aa165d72829,5132
- completed:
    hackage: ihaskell-hvega-0.5.0.0@sha256:63f8b79301d84c2e192c98d3568efbdc5161178361ec1ad6434d54fe007b1117,1212
    pantry-tree:
      size: 478
      sha256: e01d0a6ad23a70fc2d8414cd7acf928003e5b96d2d5aa42159450b8d674630bf
  original:
    hackage: ihaskell-hvega-0.5.0.0@sha256:63f8b79301d84c2e192c98d3568efbdc5161178361ec1ad6434d54fe007b1117,1212
- completed:
    hackage: diagrams-1.4.0.1@sha256:5d003c391fff00c945f8014c24bac0ea7b8daa9500349bef4646fa620a0c5327,5480
    pantry-tree:
      size: 208
      sha256: a28c20bbb11eddd3546fa98f2599507046fc490a4df71da6e928ad3653f2ed50
  original:
    hackage: diagrams-1.4.0.1@sha256:5d003c391fff00c945f8014c24bac0ea7b8daa9500349bef4646fa620a0c5327,5480
- completed:
    hackage: diagrams-cairo-1.4.1.1@sha256:8b62e90fcb0a2c9343f594940698a148b2e778b203f3297c0bed3097d34b559a,3801
    pantry-tree:
      size: 721
      sha256: de94736d9aa3f321e9d621667e41ac029f47fe9956ee625eb46920bd9c3c7f80
  original:
    hackage: diagrams-cairo-1.4.1.1@sha256:8b62e90fcb0a2c9343f594940698a148b2e778b203f3297c0bed3097d34b559a,3801
- completed:
    hackage: cairo-0.13.8.1@sha256:1938aaeb5d3504678d995774dfe870f6b66cbd43d336b692fa8779b23b2b67a9,4075
    pantry-tree:
      size: 2830
      sha256: 8f6344da4c578a4dd3a49c333e2158b695bfae32a74d34a76bbc6e531b70c95c
  original:
    hackage: cairo-0.13.8.1@sha256:1938aaeb5d3504678d995774dfe870f6b66cbd43d336b692fa8779b23b2b67a9,4075
- completed:
    hackage: diagrams-contrib-1.4.4@sha256:5b742805bc672fa9afc204678ef675e94cafa27470a9d8f59fc26c0ff1edb90d,4731
    pantry-tree:
      size: 11387
      sha256: 0c5ddb2faa31ebee694b99a69851847b0f310bcf415c1673d8c8539e6ab0e167
  original:
    hackage: diagrams-contrib-1.4.4@sha256:5b742805bc672fa9afc204678ef675e94cafa27470a9d8f59fc26c0ff1edb90d,4731
- completed:
    hackage: diagrams-core-1.5.0@sha256:eae2e82ad2e5ddbbfc9875067a0810dc4ebf35549ca6d0018a536d94b3aa7bf1,2973
    pantry-tree:
      size: 2018
      sha256: 55a663e11c72359d0acedbc7e438f4cfbd5a9661525e464e2b42d746cbcd776d
  original:
    hackage: diagrams-core-1.5.0@sha256:eae2e82ad2e5ddbbfc9875067a0810dc4ebf35549ca6d0018a536d94b3aa7bf1,2973
- completed:
    hackage: diagrams-lib-1.4.4@sha256:1129be254377b926ce2e932113e4bd06256de878d163fbcbacacf1be97bdf3b0,8220
    pantry-tree:
      size: 11604
      sha256: a96099f5e6e4c3236dd2c2dd301e5498a1dd4b968a05dcec144c46eb53e6d912
  original:
    hackage: diagrams-lib-1.4.4@sha256:1129be254377b926ce2e932113e4bd06256de878d163fbcbacacf1be97bdf3b0,8220
- completed:
    hackage: diagrams-svg-1.4.3@sha256:407ff78cb7bd1f44c68b0059036186f17a281a053901e29d0139ab151e703247,3159
    pantry-tree:
      size: 475
      sha256: 53c2221ee415d9bfc2f0dd886b67b1edbfdb91f68e809b43cf0bb830fc870ad7
  original:
    hackage: diagrams-svg-1.4.3@sha256:407ff78cb7bd1f44c68b0059036186f17a281a053901e29d0139ab151e703247,3159
- completed:
    hackage: pango-0.13.8.1@sha256:877b121c0bf87c96d3619effae6751ecfd74b7f7f3227cf3fde012597aed5ed9,3917
    pantry-tree:
      size: 1506
      sha256: eec456a3d16f1a9305196a86a7c49a6f2cfe1b041a50b02059dc4898a07a3bd9
  original:
    hackage: pango-0.13.8.1@sha256:877b121c0bf87c96d3619effae6751ecfd74b7f7f3227cf3fde012597aed5ed9,3917
- completed:
    hackage: statestack-0.3@sha256:be43ce2cd790a4732b88cdc9480458503cb5e307b4f79a502d99d5b3d417730e,1135
    pantry-tree:
      size: 272
      sha256: ea567f5e40bda7ec0896394e386ab82ad48d5dc332b4bd9f3191b2d615dc126d
  original:
    hackage: statestack-0.3@sha256:be43ce2cd790a4732b88cdc9480458503cb5e307b4f79a502d99d5b3d417730e,1135
- completed:
    hackage: active-0.2.0.15@sha256:56d95c2205a8e52911bf08784b9958be430036e6ea16521b957c3e27cc71235c,1792
    pantry-tree:
      size: 1017
      sha256: 5f2c007588a7e5b2c3500a077cbae93a78c0869f1d2985b0ddcb318285e65def
  original:
    hackage: active-0.2.0.15@sha256:56d95c2205a8e52911bf08784b9958be430036e6ea16521b957c3e27cc71235c,1792
- completed:
    hackage: dual-tree-0.2.3.0@sha256:bba5476c1cefc3802708a72ab22b5eab9e182cc065507f4a1f673ebdfc694bad,2884
    pantry-tree:
      size: 387
      sha256: de4db590b1d73eaeb2c39b9cdea9b83f99adc81841b74da61548568b02143a52
  original:
    hackage: dual-tree-0.2.3.0@sha256:bba5476c1cefc3802708a72ab22b5eab9e182cc065507f4a1f673ebdfc694bad,2884
- completed:
    hackage: force-layout-0.4.0.6@sha256:4adae4a45a09a9378ea87930f082a968767a2bc95f6b2122e11966c57046a01c,1287
    pantry-tree:
      size: 276
      sha256: 132b83ceb51be7937d7e160c849d54e22b155d33f56b19b520b99874121064f3
  original:
    hackage: force-layout-0.4.0.6@sha256:4adae4a45a09a9378ea87930f082a968767a2bc95f6b2122e11966c57046a01c,1287
- completed:
    hackage: glib-0.13.8.1@sha256:42670daf0c85309281e08ba8559df75daa2e3be642e79fdfa781bef5e59658b0,3156
    pantry-tree:
      size: 1625
      sha256: 1167575db8823b7a9f5fbaebdbc0ea5cef54301e442754ec256ba9371bd388e7
  original:
    hackage: glib-0.13.8.1@sha256:42670daf0c85309281e08ba8559df75daa2e3be642e79fdfa781bef5e59658b0,3156
- completed:
    hackage: gtk2hs-buildtools-0.13.8.2@sha256:01c4a6cc3679008bd4caec32b49843acb27a5f48ee2b22484218f097835548f6,5238
    pantry-tree:
      size: 3588
      sha256: 1c3b449a69f4bb2d27c09a89e447552a58201a3febf5418e67af0001a0cbb0a7
  original:
    hackage: gtk2hs-buildtools-0.13.8.2@sha256:01c4a6cc3679008bd4caec32b49843acb27a5f48ee2b22484218f097835548f6,5238
- completed:
    hackage: monoid-extras-0.6.1@sha256:294eaeb51e0d047500119131f133bc4a7988f330baa4bb20256995aae3385b33,2220
    pantry-tree:
      size: 1187
      sha256: 54a0e2666e9358b2a5fd2a1e61fc894acd6f62643ca36ea06427cdf405934d09
  original:
    hackage: monoid-extras-0.6.1@sha256:294eaeb51e0d047500119131f133bc4a7988f330baa4bb20256995aae3385b33,2220
- completed:
    hackage: svg-builder-0.1.1@sha256:22de54d326a6b6912e461e1302edb9108b02aac0b6a6368fcdc3c4a224d487fd,1440
    pantry-tree:
      size: 535
      sha256: 677ee9598c5dedb3ef8959c26a6c65f29b3e1e3c5e83433921aef17d86a22d50
  original:
    hackage: svg-builder-0.1.1@sha256:22de54d326a6b6912e461e1302edb9108b02aac0b6a6368fcdc3c4a224d487fd,1440
- completed:
    hackage: ihaskell-diagrams-0.3.2.1@sha256:a5c40f746f339da0c118b92746508de3c97e4ff7671d8503651c4b639585f768,2448
    pantry-tree:
      size: 385
      sha256: c7a8733e3e5bd6ff1df2d399d3e9136c96d6627522b9420f769b2351fecaf1dc
  original:
    hackage: ihaskell-diagrams-0.3.2.1@sha256:a5c40f746f339da0c118b92746508de3c97e4ff7671d8503651c4b639585f768,2448
snapshots:
- completed:
    size: 586106
    url: https://raw.githubusercontent.com/commercialhaskell/stackage-snapshots/master/lts/18/20.yaml
    sha256: 8699812d2b2c1f83d6ad1261de9cf628ed36a1cfc14f19d67188e005e7a3a39d
  original: lts-18.20
